
Microsoft Visual Studio Solution File, Format Version 11.00
# Visual Studio 2010
Project("{FAE04EC0-301F-11D3-BF4B-00C04F79EFBC}") = "CtrlDemo", "CtrlDemo\CtrlDemo.csproj", "{61CA43E3-99C8-4F85-BA83-5E137633C51C}"
EndProject
Project("{FAE04EC0-301F-11D3-BF4B-00C04F79EFBC}") = "CtrlResource", "CtrlResource\CtrlResource.csproj", "{9D4A30F8-D2CC-4A32-93B1-B8FCF7304553}"
EndProject
Project("{FAE04EC0-301F-11D3-BF4B-00C04F79EFBC}") = "CtrlControls", "CtrlControls\CtrlControls.csproj", "{9E9EF7ED-8DC5-4498-ABD4-9AEE871DD500}"
EndProject
Global
	GlobalSection(SolutionConfigurationPlatforms) = preSolution
		Debug|Any CPU = Debug|Any CPU
		Debug|Mixed Platforms = Debug|Mixed Platforms
		Debug|x86 = Debug|x86
		Release|Any CPU = Release|Any CPU
		Release|Mixed Platforms = Release|Mixed Platforms
		Release|x86 = Release|x86
	EndGlobalSection
	GlobalSection(ProjectConfigurationPlatforms) = postSolution
		{61CA43E3-99C8-4F85-BA83-5E137633C51C}.Debug|Any CPU.ActiveCfg = Debug|x86
		{61CA43E3-99C8-4F85-BA83-5E137633C51C}.Debug|Mixed Platforms.ActiveCfg = Debug|x86
		{61CA43E3-99C8-4F85-BA83-5E137633C51C}.Debug|Mixed Platforms.Build.0 = Debug|x86
		{61CA43E3-99C8-4F85-BA83-5E137633C51C}.Debug|x86.ActiveCfg = Debug|x86
		{61CA43E3-99C8-4F85-BA83-5E137633C51C}.Debug|x86.Build.0 = Debug|x86
		{61CA43E3-99C8-4F85-BA83-5E137633C51C}.Release|Any CPU.ActiveCfg = Release|x86
		{61CA43E3-99C8-4F85-BA83-5E137633C51C}.Release|Mixed Platforms.ActiveCfg = Release|x86
		{61CA43E3-99C8-4F85-BA83-5E137633C51C}.Release|Mixed Platforms.Build.0 = Release|x86
		{61CA43E3-99C8-4F85-BA83-5E137633C51C}.Release|x86.ActiveCfg = Release|x86
		{61CA43E3-99C8-4F85-BA83-5E137633C51C}.Release|x86.Build.0 = Release|x86
		{9D4A30F8-D2CC-4A32-93B1-B8FCF7304553}.Debug|Any CPU.ActiveCfg = Debug|Any CPU
		{9D4A30F8-D2CC-4A32-93B1-B8FCF7304553}.Debug|Any CPU.Build.0 = Debug|Any CPU
		{9D4A30F8-D2CC-4A32-93B1-B8FCF7304553}.Debug|Mixed Platforms.ActiveCfg = Debug|Any CPU
		{9D4A30F8-D2CC-4A32-93B1-B8FCF7304553}.Debug|Mixed Platforms.Build.0 = Debug|Any CPU
		{9D4A30F8-D2CC-4A32-93B1-B8FCF7304553}.Debug|x86.ActiveCfg = Debug|Any CPU
		{9D4A30F8-D2CC-4A32-93B1-B8FCF7304553}.Release|Any CPU.ActiveCfg = Release|Any CPU
		{9D4A30F8-D2CC-4A32-93B1-B8FCF7304553}.Release|Any CPU.Build.0 = Release|Any CPU
		{9D4A30F8-D2CC-4A32-93B1-B8FCF7304553}.Release|Mixed Platforms.ActiveCfg = Release|Any CPU
		{9D4A30F8-D2CC-4A32-93B1-B8FCF7304553}.Release|Mixed Platforms.Build.0 = Release|Any CPU
		{9D4A30F8-D2CC-4A32-93B1-B8FCF7304553}.Release|x86.ActiveCfg = Release|Any CPU
		{9E9EF7ED-8DC5-4498-ABD4-9AEE871DD500}.Debug|Any CPU.ActiveCfg = Debug|Any CPU
		{9E9EF7ED-8DC5-4498-ABD4-9AEE871DD500}.Debug|Any CPU.Build.0 = Debug|Any CPU
		{9E9EF7ED-8DC5-4498-ABD4-9AEE871DD500}.Debug|Mixed Platforms.ActiveCfg = Debug|Any CPU
		{9E9EF7ED-8DC5-4498-ABD4-9AEE871DD500}.Debug|Mixed Platforms.Build.0 = Debug|Any CPU
		{9E9EF7ED-8DC5-4498-ABD4-9AEE871DD500}.Debug|x86.ActiveCfg = Debug|Any CPU
		{9E9EF7ED-8DC5-4498-ABD4-9AEE871DD500}.Release|Any CPU.ActiveCfg = Release|Any CPU
		{9E9EF7ED-8DC5-4498-ABD4-9AEE871DD500}.Release|Any CPU.Build.0 = Release|Any CPU
		{9E9EF7ED-8DC5-4498-ABD4-9AEE871DD500}.Release|Mixed Platforms.ActiveCfg = Release|Any CPU
		{9E9EF7ED-8DC5-4498-ABD4-9AEE871DD500}.Release|Mixed Platforms.Build.0 = Release|Any CPU
		{9E9EF7ED-8DC5-4498-ABD4-9AEE871DD500}.Release|x86.ActiveCfg = Release|Any CPU
	EndGlobalSection
	GlobalSection(SolutionProperties) = preSolution
		HideSolutionNode = FALSE
	EndGlobalSection
EndGlobal
